
Microsoft Visual Studio Solution File, Format Version 12.00
# Visual Studio Version 17
VisualStudioVersion = 17.14.36616.10 d17.14
MinimumVisualStudioVersion = 10.0.40219.1
Project("{FAE04EC0-301F-11D3-BF4B-00C04F79EFBC}") = "ThermalPrinter", "ThermalPrinter.csproj", "{BDB36BAA-B79F-4884-9909-AFB8DCC8CA2F}"
EndProject
Global
	GlobalSection(SolutionConfigurationPlatforms) = preSolution
		Debug|Any CPU = Debug|Any CPU
		ExportDebug|Any CPU = ExportDebug|Any CPU
		ExportRelease|Any CPU = ExportRelease|Any CPU
	EndGlobalSection
	GlobalSection(ProjectConfigurationPlatforms) = postSolution
		{BDB36BAA-B79F-4884-9909-AFB8DCC8CA2F}.Debug|Any CPU.ActiveCfg = Debug|Any CPU
		{BDB36BAA-B79F-4884-9909-AFB8DCC8CA2F}.Debug|Any CPU.Build.0 = Debug|Any CPU
		{BDB36BAA-B79F-4884-9909-AFB8DCC8CA2F}.ExportDebug|Any CPU.ActiveCfg = ExportDebug|Any CPU
		{BDB36BAA-B79F-4884-9909-AFB8DCC8CA2F}.ExportDebug|Any CPU.Build.0 = ExportDebug|Any CPU
		{BDB36BAA-B79F-4884-9909-AFB8DCC8CA2F}.ExportRelease|Any CPU.ActiveCfg = ExportRelease|Any CPU
		{BDB36BAA-B79F-4884-9909-AFB8DCC8CA2F}.ExportRelease|Any CPU.Build.0 = ExportRelease|Any CPU
	EndGlobalSection
	GlobalSection(SolutionProperties) = preSolution
		HideSolutionNode = FALSE
	EndGlobalSection
	GlobalSection(ExtensibilityGlobals) = postSolution
		SolutionGuid = {D51488BC-291D-4615-9D06-25653BE2BAE5}
	EndGlobalSection
EndGlobal
